// !$*UTF8*$!
{
	archiveVersion = 1;
	classes = {
	};
	objectVersion = 55;
	objects = {

/* Begin PBXBuildFile section */
		3B7427B02852D830009D9230 /* ItemPlaylistDetailTableViewCell.swift in Sources */ = {isa = PBXBuildFile; fileRef = 3B7427AF2852D830009D9230 /* ItemPlaylistDetailTableViewCell.swift */; };
		3B7427B22852D84A009D9230 /* SearchTableViewCell.swift in Sources */ = {isa = PBXBuildFile; fileRef = 3B7427B12852D84A009D9230 /* SearchTableViewCell.swift */; };
		3B7427B42852D86D009D9230 /* PlaylistDetail.storyboard in Resources */ = {isa = PBXBuildFile; fileRef = 3B7427B32852D86D009D9230 /* PlaylistDetail.storyboard */; };
		3B7427B62852D8BF009D9230 /* GradientView.swift in Sources */ = {isa = PBXBuildFile; fileRef = 3B7427B52852D8BF009D9230 /* GradientView.swift */; };
		3B7427B82852D8F7009D9230 /* PlaylistDetailViewModel.swift in Sources */ = {isa = PBXBuildFile; fileRef = 3B7427B72852D8F7009D9230 /* PlaylistDetailViewModel.swift */; };
		3B7427BA2852D916009D9230 /* SearchViewModel.swift in Sources */ = {isa = PBXBuildFile; fileRef = 3B7427B92852D916009D9230 /* SearchViewModel.swift */; };
		3B7427BC2852D93F009D9230 /* PlaylistDetailViewController.swift in Sources */ = {isa = PBXBuildFile; fileRef = 3B7427BB2852D93F009D9230 /* PlaylistDetailViewController.swift */; };
		3B7427BE2852D95A009D9230 /* HomeViewController.swift in Sources */ = {isa = PBXBuildFile; fileRef = 3B7427BD2852D95A009D9230 /* HomeViewController.swift */; };
		3B7427C02852D97B009D9230 /* PlaylistDetail.swift in Sources */ = {isa = PBXBuildFile; fileRef = 3B7427BF2852D97B009D9230 /* PlaylistDetail.swift */; };
		3B7427C22852D98B009D9230 /* Search.swift in Sources */ = {isa = PBXBuildFile; fileRef = 3B7427C12852D98B009D9230 /* Search.swift */; };
		3B99B73328301497000AA5F7 /* AppDelegate.swift in Sources */ = {isa = PBXBuildFile; fileRef = 3B99B73228301497000AA5F7 /* AppDelegate.swift */; };
		3B99B73528301497000AA5F7 /* SceneDelegate.swift in Sources */ = {isa = PBXBuildFile; fileRef = 3B99B73428301497000AA5F7 /* SceneDelegate.swift */; };
		3B99B73728301497000AA5F7 /* ViewController.swift in Sources */ = {isa = PBXBuildFile; fileRef = 3B99B73628301497000AA5F7 /* ViewController.swift */; };
		3B99B73A28301497000AA5F7 /* Main.storyboard in Resources */ = {isa = PBXBuildFile; fileRef = 3B99B73828301497000AA5F7 /* Main.storyboard */; };
		3B99B73C28301498000AA5F7 /* Assets.xcassets in Resources */ = {isa = PBXBuildFile; fileRef = 3B99B73B28301498000AA5F7 /* Assets.xcassets */; };
		3B99B73F28301498000AA5F7 /* LaunchScreen.storyboard in Resources */ = {isa = PBXBuildFile; fileRef = 3B99B73D28301498000AA5F7 /* LaunchScreen.storyboard */; };
		3B99B74D28307976000AA5F7 /* Home.storyboard in Resources */ = {isa = PBXBuildFile; fileRef = 3B99B74C28307976000AA5F7 /* Home.storyboard */; };
		3BE176262831B9FD00307EB0 /* Request.swift in Sources */ = {isa = PBXBuildFile; fileRef = 3BE176252831B9FD00307EB0 /* Request.swift */; };
		3BE176282831BF6600307EB0 /* Spotify+String.swift in Sources */ = {isa = PBXBuildFile; fileRef = 3BE176272831BF6600307EB0 /* Spotify+String.swift */; };
		3BE1762A2831BF9B00307EB0 /* Spotify+Image.swift in Sources */ = {isa = PBXBuildFile; fileRef = 3BE176292831BF9B00307EB0 /* Spotify+Image.swift */; };
		3BE1762C2831C00500307EB0 /* Playlist.swift in Sources */ = {isa = PBXBuildFile; fileRef = 3BE1762B2831C00500307EB0 /* Playlist.swift */; };
		3BE1762E2831C0B200307EB0 /* LibraryViewController.swift in Sources */ = {isa = PBXBuildFile; fileRef = 3BE1762D2831C0B200307EB0 /* LibraryViewController.swift */; };
		3BE176302831C19400307EB0 /* PlayListViewModel.swift in Sources */ = {isa = PBXBuildFile; fileRef = 3BE1762F2831C19400307EB0 /* PlayListViewModel.swift */; };
/* End PBXBuildFile section */

/* Begin PBXFileReference section */
		3B7427AF2852D830009D9230 /* ItemPlaylistDetailTableViewCell.swift */ = {isa = PBXFileReference; lastKnownFileType = sourcecode.swift; path = ItemPlaylistDetailTableViewCell.swift; sourceTree = "<group>"; };
		3B7427B12852D84A009D9230 /* SearchTableViewCell.swift */ = {isa = PBXFileReference; lastKnownFileType = sourcecode.swift; path = SearchTableViewCell.swift; sourceTree = "<group>"; };
		3B7427B32852D86D009D9230 /* PlaylistDetail.storyboard */ = {isa = PBXFileReference; lastKnownFileType = file.storyboard; path = PlaylistDetail.storyboard; sourceTree = "<group>"; };
		3B7427B52852D8BF009D9230 /* GradientView.swift */ = {isa = PBXFileReference; lastKnownFileType = sourcecode.swift; path = GradientView.swift; sourceTree = "<group>"; };
		3B7427B72852D8F7009D9230 /* PlaylistDetailViewModel.swift */ = {isa = PBXFileReference; lastKnownFileType = sourcecode.swift; path = PlaylistDetailViewModel.swift; sourceTree = "<group>"; };
		3B7427B92852D916009D9230 /* SearchViewModel.swift */ = {isa = PBXFileReference; lastKnownFileType = sourcecode.swift; path = SearchViewModel.swift; sourceTree = "<group>"; };
		3B7427BB2852D93F009D9230 /* PlaylistDetailViewController.swift */ = {isa = PBXFileReference; lastKnownFileType = sourcecode.swift; path = PlaylistDetailViewController.swift; sourceTree = "<group>"; };
		3B7427BD2852D95A009D9230 /* HomeViewController.swift */ = {isa = PBXFileReference; lastKnownFileType = sourcecode.swift; path = HomeViewController.swift; sourceTree = "<group>"; };
		3B7427BF2852D97B009D9230 /* PlaylistDetail.swift */ = {isa = PBXFileReference; lastKnownFileType = sourcecode.swift; path = PlaylistDetail.swift; sourceTree = "<group>"; };
		3B7427C12852D98B009D9230 /* Search.swift */ = {isa = PBXFileReference; lastKnownFileType = sourcecode.swift; path = Search.swift; sourceTree = "<group>"; };
		3B99B72F28301497000AA5F7 /* Spotify.app */ = {isa = PBXFileReference; explicitFileType = wrapper.application; includeInIndex = 0; path = Spotify.app; sourceTree = BUILT_PRODUCTS_DIR; };
		3B99B73228301497000AA5F7 /* AppDelegate.swift */ = {isa = PBXFileReference; lastKnownFileType = sourcecode.swift; path = AppDelegate.swift; sourceTree = "<group>"; };
		3B99B73428301497000AA5F7 /* SceneDelegate.swift */ = {isa = PBXFileReference; lastKnownFileType = sourcecode.swift; path = SceneDelegate.swift; sourceTree = "<group>"; };
		3B99B73628301497000AA5F7 /* ViewController.swift */ = {isa = PBXFileReference; lastKnownFileType = sourcecode.swift; path = ViewController.swift; sourceTree = "<group>"; };
		3B99B73928301497000AA5F7 /* Base */ = {isa = PBXFileReference; lastKnownFileType = file.storyboard; name = Base; path = Base.lproj/Main.storyboard; sourceTree = "<group>"; };
		3B99B73B28301498000AA5F7 /* Assets.xcassets */ = {isa = PBXFileReference; lastKnownFileType = folder.assetcatalog; path = Assets.xcassets; sourceTree = "<group>"; };
		3B99B73E28301498000AA5F7 /* Base */ = {isa = PBXFileReference; lastKnownFileType = file.storyboard; name = Base; path = Base.lproj/LaunchScreen.storyboard; sourceTree = "<group>"; };
		3B99B74028301498000AA5F7 /* Info.plist */ = {isa = PBXFileReference; lastKnownFileType = text.plist.xml; path = Info.plist; sourceTree = "<group>"; };
		3B99B74C28307976000AA5F7 /* Home.storyboard */ = {isa = PBXFileReference; lastKnownFileType = file.storyboard; path = Home.storyboard; sourceTree = "<group>"; };
		3BE176252831B9FD00307EB0 /* Request.swift */ = {isa = PBXFileReference; lastKnownFileType = sourcecode.swift; path = Request.swift; sourceTree = "<group>"; };
		3BE176272831BF6600307EB0 /* Spotify+String.swift */ = {isa = PBXFileReference; lastKnownFileType = sourcecode.swift; path = "Spotify+String.swift"; sourceTree = "<group>"; };
		3BE176292831BF9B00307EB0 /* Spotify+Image.swift */ = {isa = PBXFileReference; lastKnownFileType = sourcecode.swift; path = "Spotify+Image.swift"; sourceTree = "<group>"; };
		3BE1762B2831C00500307EB0 /* Playlist.swift */ = {isa = PBXFileReference; lastKnownFileType = sourcecode.swift; path = Playlist.swift; sourceTree = "<group>"; };
		3BE1762D2831C0B200307EB0 /* LibraryViewController.swift */ = {isa = PBXFileReference; lastKnownFileType = sourcecode.swift; path = LibraryViewController.swift; sourceTree = "<group>"; };
		3BE1762F2831C19400307EB0 /* PlayListViewModel.swift */ = {isa = PBXFileReference; lastKnownFileType = sourcecode.swift; path = PlayListViewModel.swift; sourceTree = "<group>"; };
/* End PBXFileReference section */

/* Begin PBXFrameworksBuildPhase section */
		3B99B72C28301497000AA5F7 /* Frameworks */ = {
			isa = PBXFrameworksBuildPhase;
			buildActionMask = 2147483647;
			files = (
			);
			runOnlyForDeploymentPostprocessing = 0;
		};
/* End PBXFrameworksBuildPhase section */

/* Begin PBXGroup section */
		3B7427AE2852D5B7009D9230 /* ViewCell */ = {
			isa = PBXGroup;
			children = (
				3B7427AF2852D830009D9230 /* ItemPlaylistDetailTableViewCell.swift */,
				3B7427B12852D84A009D9230 /* SearchTableViewCell.swift */,
			);
			path = ViewCell;
			sourceTree = "<group>";
		};
		3B99B72628301497000AA5F7 = {
			isa = PBXGroup;
			children = (
				3B99B73128301497000AA5F7 /* Spotify */,
				3B99B73028301497000AA5F7 /* Products */,
			);
			sourceTree = "<group>";
		};
		3B99B73028301497000AA5F7 /* Products */ = {
			isa = PBXGroup;
			children = (
				3B99B72F28301497000AA5F7 /* Spotify.app */,
			);
			name = Products;
			sourceTree = "<group>";
		};
		3B99B73128301497000AA5F7 /* Spotify */ = {
			isa = PBXGroup;
			children = (
				3B7427AE2852D5B7009D9230 /* ViewCell */,
				3B99B74B28305EB4000AA5F7 /* ViewModel */,
				3B99B74A28305EAB000AA5F7 /* View */,
				3B99B74928305EA2000AA5F7 /* Model */,
				3B99B74828305E99000AA5F7 /* Screens */,
				3B99B74728305E90000AA5F7 /* Helper */,
				3B99B74628305E82000AA5F7 /* OnBoarding */,
				3B99B73228301497000AA5F7 /* AppDelegate.swift */,
				3B99B73428301497000AA5F7 /* SceneDelegate.swift */,
				3B99B73B28301498000AA5F7 /* Assets.xcassets */,
				3B99B74028301498000AA5F7 /* Info.plist */,
			);
			path = Spotify;
			sourceTree = "<group>";
		};
		3B99B74628305E82000AA5F7 /* OnBoarding */ = {
			isa = PBXGroup;
			children = (
				3B99B73D28301498000AA5F7 /* LaunchScreen.storyboard */,
			);
			path = OnBoarding;
			sourceTree = "<group>";
		};
		3B99B74728305E90000AA5F7 /* Helper */ = {
			isa = PBXGroup;
			children = (
				3BE176272831BF6600307EB0 /* Spotify+String.swift */,
				3BE176292831BF9B00307EB0 /* Spotify+Image.swift */,
				3B7427B52852D8BF009D9230 /* GradientView.swift */,
			);
			path = Helper;
			sourceTree = "<group>";
		};
		3B99B74828305E99000AA5F7 /* Screens */ = {
			isa = PBXGroup;
			children = (
				3B99B73828301497000AA5F7 /* Main.storyboard */,
				3B99B74C28307976000AA5F7 /* Home.storyboard */,
				3B7427B32852D86D009D9230 /* PlaylistDetail.storyboard */,
			);
			path = Screens;
			sourceTree = "<group>";
		};
		3B99B74928305EA2000AA5F7 /* Model */ = {
			isa = PBXGroup;
			children = (
				3BE1762B2831C00500307EB0 /* Playlist.swift */,
				3B7427BF2852D97B009D9230 /* PlaylistDetail.swift */,
				3B7427C12852D98B009D9230 /* Search.swift */,
			);
			path = Model;
			sourceTree = "<group>";
		};
		3B99B74A28305EAB000AA5F7 /* View */ = {
			isa = PBXGroup;
			children = (
				3B99B73628301497000AA5F7 /* ViewController.swift */,
				3BE1762D2831C0B200307EB0 /* LibraryViewController.swift */,
				3B7427BB2852D93F009D9230 /* PlaylistDetailViewController.swift */,
				3B7427BD2852D95A009D9230 /* HomeViewController.swift */,
			);
			path = View;
			sourceTree = "<group>";
		};
		3B99B74B28305EB4000AA5F7 /* ViewModel */ = {
			isa = PBXGroup;
			children = (
				3BE176252831B9FD00307EB0 /* Request.swift */,
				3BE1762F2831C19400307EB0 /* PlayListViewModel.swift */,
				3B7427B72852D8F7009D9230 /* PlaylistDetailViewModel.swift */,
				3B7427B92852D916009D9230 /* SearchViewModel.swift */,
			);
			path = ViewModel;
			sourceTree = "<group>";
		};
/* End PBXGroup section */

/* Begin PBXNativeTarget section */
		3B99B72E28301497000AA5F7 /* Spotify */ = {
			isa = PBXNativeTarget;
			buildConfigurationList = 3B99B74328301498000AA5F7 /* Build configuration list for PBXNativeTarget "Spotify" */;
			buildPhases = (
				3B99B72B28301497000AA5F7 /* Sources */,
				3B99B72C28301497000AA5F7 /* Frameworks */,
				3B99B72D28301497000AA5F7 /* Resources */,
			);
			buildRules = (
			);
			dependencies = (
			);
			name = Spotify;
			productName = Spotify;
			productReference = 3B99B72F28301497000AA5F7 /* Spotify.app */;
			productType = "com.apple.product-type.application";
		};
/* End PBXNativeTarget section */

/* Begin PBXProject section */
		3B99B72728301497000AA5F7 /* Project object */ = {
			isa = PBXProject;
			attributes = {
				BuildIndependentTargetsInParallel = 1;
				LastSwiftUpdateCheck = 1330;
				LastUpgradeCheck = 1330;
				TargetAttributes = {
					3B99B72E28301497000AA5F7 = {
						CreatedOnToolsVersion = 13.3.1;
					};
				};
			};
			buildConfigurationList = 3B99B72A28301497000AA5F7 /* Build configuration list for PBXProject "Spotify" */;
			compatibilityVersion = "Xcode 13.0";
			developmentRegion = en;
			hasScannedForEncodings = 0;
			knownRegions = (
				en,
				Base,
			);
			mainGroup = 3B99B72628301497000AA5F7;
			productRefGroup = 3B99B73028301497000AA5F7 /* Products */;
			projectDirPath = "";
			projectRoot = "";
			targets = (
				3B99B72E28301497000AA5F7 /* Spotify */,
			);
		};
/* End PBXProject section */

/* Begin PBXResourcesBuildPhase section */
		3B99B72D28301497000AA5F7 /* Resources */ = {
			isa = PBXResourcesBuildPhase;
			buildActionMask = 2147483647;
			files = (
				3B99B73F28301498000AA5F7 /* LaunchScreen.storyboard in Resources */,
				3B99B73C28301498000AA5F7 /* Assets.xcassets in Resources */,
				3B7427B42852D86D009D9230 /* PlaylistDetail.storyboard in Resources */,
				3B99B73A28301497000AA5F7 /* Main.storyboard in Resources */,
				3B99B74D28307976000AA5F7 /* Home.storyboard in Resources */,
			);
			runOnlyForDeploymentPostprocessing = 0;
		};
/* End PBXResourcesBuildPhase section */

/* Begin PBXSourcesBuildPhase section */
		3B99B72B28301497000AA5F7 /* Sources */ = {
			isa = PBXSourcesBuildPhase;
			buildActionMask = 2147483647;
			files = (
				3BE176302831C19400307EB0 /* PlayListViewModel.swift in Sources */,
				3BE1762A2831BF9B00307EB0 /* Spotify+Image.swift in Sources */,
				3B7427B62852D8BF009D9230 /* GradientView.swift in Sources */,
				3B7427BC2852D93F009D9230 /* PlaylistDetailViewController.swift in Sources */,
				3B99B73728301497000AA5F7 /* ViewController.swift in Sources */,
				3B7427B02852D830009D9230 /* ItemPlaylistDetailTableViewCell.swift in Sources */,
				3B7427B22852D84A009D9230 /* SearchTableViewCell.swift in Sources */,
				3BE1762E2831C0B200307EB0 /* LibraryViewController.swift in Sources */,
				3BE176282831BF6600307EB0 /* Spotify+String.swift in Sources */,
				3B7427C22852D98B009D9230 /* Search.swift in Sources */,
				3B7427BA2852D916009D9230 /* SearchViewModel.swift in Sources */,
				3BE1762C2831C00500307EB0 /* Playlist.swift in Sources */,
				3B7427BE2852D95A009D9230 /* HomeViewController.swift in Sources */,
				3B7427C02852D97B009D9230 /* PlaylistDetail.swift in Sources */,
				3BE176262831B9FD00307EB0 /* Request.swift in Sources */,
				3B99B73328301497000AA5F7 /* AppDelegate.swift in Sources */,
				3B7427B82852D8F7009D9230 /* PlaylistDetailViewModel.swift in Sources */,
				3B99B73528301497000AA5F7 /* SceneDelegate.swift in Sources */,
			);
			runOnlyForDeploymentPostprocessing = 0;
		};
/* End PBXSourcesBuildPhase section */

/* Begin PBXVariantGroup section */
		3B99B73828301497000AA5F7 /* Main.storyboard */ = {
			isa = PBXVariantGroup;
			children = (
				3B99B73928301497000AA5F7 /* Base */,
			);
			name = Main.storyboard;
			sourceTree = "<group>";
		};
		3B99B73D28301498000AA5F7 /* LaunchScreen.storyboard */ = {
			isa = PBXVariantGroup;
			children = (
				3B99B73E28301498000AA5F7 /* Base */,
			);
			name = LaunchScreen.storyboard;
			sourceTree = "<group>";
		};
/* End PBXVariantGroup section */

/* Begin XCBuildConfiguration section */
		3B99B74128301498000AA5F7 /* Debug */ = {
			isa = XCBuildConfiguration;
			buildSettings = {
				ALWAYS_SEARCH_USER_PATHS = NO;
				CLANG_ANALYZER_NONNULL = YES;
				CLANG_ANALYZER_NUMBER_OBJECT_CONVERSION = YES_AGGRESSIVE;
				CLANG_CXX_LANGUAGE_STANDARD = "gnu++17";
				CLANG_ENABLE_MODULES = YES;
				CLANG_ENABLE_OBJC_ARC = YES;
				CLANG_ENABLE_OBJC_WEAK = YES;
				CLANG_WARN_BLOCK_CAPTURE_AUTORELEASING = YES;
				CLANG_WARN_BOOL_CONVERSION = YES;
				CLANG_WARN_COMMA = YES;
				CLANG_WARN_CONSTANT_CONVERSION = YES;
				CLANG_WARN_DEPRECATED_OBJC_IMPLEMENTATIONS = YES;
				CLANG_WARN_DIRECT_OBJC_ISA_USAGE = YES_ERROR;
				CLANG_WARN_DOCUMENTATION_COMMENTS = YES;
				CLANG_WARN_EMPTY_BODY = YES;
				CLANG_WARN_ENUM_CONVERSION = YES;
				CLANG_WARN_INFINITE_RECURSION = YES;
				CLANG_WARN_INT_CONVERSION = YES;
				CLANG_WARN_NON_LITERAL_NULL_CONVERSION = YES;
				CLANG_WARN_OBJC_IMPLICIT_RETAIN_SELF = YES;
				CLANG_WARN_OBJC_LITERAL_CONVERSION = YES;
				CLANG_WARN_OBJC_ROOT_CLASS = YES_ERROR;
				CLANG_WARN_QUOTED_INCLUDE_IN_FRAMEWORK_HEADER = YES;
				CLANG_WARN_RANGE_LOOP_ANALYSIS = YES;
				CLANG_WARN_STRICT_PROTOTYPES = YES;
				CLANG_WARN_SUSPICIOUS_MOVE = YES;
				CLANG_WARN_UNGUARDED_AVAILABILITY = YES_AGGRESSIVE;
				CLANG_WARN_UNREACHABLE_CODE = YES;
				CLANG_WARN__DUPLICATE_METHOD_MATCH = YES;
				COPY_PHASE_STRIP = NO;
				DEBUG_INFORMATION_FORMAT = dwarf;
				ENABLE_STRICT_OBJC_MSGSEND = YES;
				ENABLE_TESTABILITY = YES;
				GCC_C_LANGUAGE_STANDARD = gnu11;
				GCC_DYNAMIC_NO_PIC = NO;
				GCC_NO_COMMON_BLOCKS = YES;
				GCC_OPTIMIZATION_LEVEL = 0;
				GCC_PREPROCESSOR_DEFINITIONS = (
					"DEBUG=1",
					"$(inherited)",
				);
				GCC_WARN_64_TO_32_BIT_CONVERSION = YES;
				GCC_WARN_ABOUT_RETURN_TYPE = YES_ERROR;
				GCC_WARN_UNDECLARED_SELECTOR = YES;
				GCC_WARN_UNINITIALIZED_AUTOS = YES_AGGRESSIVE;
				GCC_WARN_UNUSED_FUNCTION = YES;
				GCC_WARN_UNUSED_VARIABLE = YES;
				IPHONEOS_DEPLOYMENT_TARGET = 15.4;
				MTL_ENABLE_DEBUG_INFO = INCLUDE_SOURCE;
				MTL_FAST_MATH = YES;
				ONLY_ACTIVE_ARCH = YES;
				SDKROOT = iphoneos;
				SWIFT_ACTIVE_COMPILATION_CONDITIONS = DEBUG;
				SWIFT_OPTIMIZATION_LEVEL = "-Onone";
			};
			name = Debug;
		};
		3B99B74228301498000AA5F7 /* Release */ = {
			isa = XCBuildConfiguration;
			buildSettings = {
				ALWAYS_SEARCH_USER_PATHS = NO;
				CLANG_ANALYZER_NONNULL = YES;
				CLANG_ANALYZER_NUMBER_OBJECT_CONVERSION = YES_AGGRESSIVE;
				CLANG_CXX_LANGUAGE_STANDARD = "gnu++17";
				CLANG_ENABLE_MODULES = YES;
				CLANG_ENABLE_OBJC_ARC = YES;
				CLANG_ENABLE_OBJC_WEAK = YES;
				CLANG_WARN_BLOCK_CAPTURE_AUTORELEASING = YES;
				CLANG_WARN_BOOL_CONVERSION = YES;
				CLANG_WARN_COMMA = YES;
				CLANG_WARN_CONSTANT_CONVERSION = YES;
				CLANG_WARN_DEPRECATED_OBJC_IMPLEMENTATIONS = YES;
				CLANG_WARN_DIRECT_OBJC_ISA_USAGE = YES_ERROR;
				CLANG_WARN_DOCUMENTATION_COMMENTS = YES;
				CLANG_WARN_EMPTY_BODY = YES;
				CLANG_WARN_ENUM_CONVERSION = YES;
				CLANG_WARN_INFINITE_RECURSION = YES;
				CLANG_WARN_INT_CONVERSION = YES;
				CLANG_WARN_NON_LITERAL_NULL_CONVERSION = YES;
				CLANG_WARN_OBJC_IMPLICIT_RETAIN_SELF = YES;
				CLANG_WARN_OBJC_LITERAL_CONVERSION = YES;
				CLANG_WARN_OBJC_ROOT_CLASS = YES_ERROR;
				CLANG_WARN_QUOTED_INCLUDE_IN_FRAMEWORK_HEADER = YES;
				CLANG_WARN_RANGE_LOOP_ANALYSIS = YES;
				CLANG_WARN_STRICT_PROTOTYPES = YES;
				CLANG_WARN_SUSPICIOUS_MOVE = YES;
				CLANG_WARN_UNGUARDED_AVAILABILITY = YES_AGGRESSIVE;
				CLANG_WARN_UNREACHABLE_CODE = YES;
				CLANG_WARN__DUPLICATE_METHOD_MATCH = YES;
				COPY_PHASE_STRIP = NO;
				DEBUG_INFORMATION_FORMAT = "dwarf-with-dsym";
				ENABLE_NS_ASSERTIONS = NO;
				ENABLE_STRICT_OBJC_MSGSEND = YES;
				GCC_C_LANGUAGE_STANDARD = gnu11;
				GCC_NO_COMMON_BLOCKS = YES;
				GCC_WARN_64_TO_32_BIT_CONVERSION = YES;
				GCC_WARN_ABOUT_RETURN_TYPE = YES_ERROR;
				GCC_WARN_UNDECLARED_SELECTOR = YES;
				GCC_WARN_UNINITIALIZED_AUTOS = YES_AGGRESSIVE;
				GCC_WARN_UNUSED_FUNCTION = YES;
				GCC_WARN_UNUSED_VARIABLE = YES;
				IPHONEOS_DEPLOYMENT_TARGET = 15.4;
				MTL_ENABLE_DEBUG_INFO = NO;
				MTL_FAST_MATH = YES;
				SDKROOT = iphoneos;
				SWIFT_COMPILATION_MODE = wholemodule;
				SWIFT_OPTIMIZATION_LEVEL = "-O";
				VALIDATE_PRODUCT = YES;
			};
			name = Release;
		};
		3B99B74428301498000AA5F7 /* Debug */ = {
			isa = XCBuildConfiguration;
			buildSettings = {
				ASSETCATALOG_COMPILER_APPICON_NAME = AppIcon;
				ASSETCATALOG_COMPILER_GLOBAL_ACCENT_COLOR_NAME = AccentColor;
				CODE_SIGN_STYLE = Automatic;
				CURRENT_PROJECT_VERSION = 1;
				GENERATE_INFOPLIST_FILE = YES;
				INFOPLIST_FILE = Spotify/Info.plist;
				INFOPLIST_KEY_UIApplicationSupportsIndirectInputEvents = YES;
				INFOPLIST_KEY_UILaunchStoryboardName = LaunchScreen;
				INFOPLIST_KEY_UIMainStoryboardFile = Main;
				INFOPLIST_KEY_UISupportedInterfaceOrientations_iPad = "UIInterfaceOrientationPortrait UIInterfaceOrientationPortraitUpsideDown UIInterfaceOrientationLandscapeLeft UIInterfaceOrientationLandscapeRight";
				INFOPLIST_KEY_UISupportedInterfaceOrientations_iPhone = "UIInterfaceOrientationPortrait UIInterfaceOrientationLandscapeLeft UIInterfaceOrientationLandscapeRight";
				LD_RUNPATH_SEARCH_PATHS = (
					"$(inherited)",
					"@executable_path/Frameworks",
				);
				MARKETING_VERSION = 1.0;
				PRODUCT_BUNDLE_IDENTIFIER = com.tecsup.Spotify;
				PRODUCT_NAME = "$(TARGET_NAME)";
				SWIFT_EMIT_LOC_STRINGS = YES;
				SWIFT_VERSION = 5.0;
				TARGETED_DEVICE_FAMILY = "1,2";
			};
			name = Debug;
		};
		3B99B74528301498000AA5F7 /* Release */ = {
			isa = XCBuildConfiguration;
			buildSettings = {
				ASSETCATALOG_COMPILER_APPICON_NAME = AppIcon;
				ASSETCATALOG_COMPILER_GLOBAL_ACCENT_COLOR_NAME = AccentColor;
				CODE_SIGN_STYLE = Automatic;
				CURRENT_PROJECT_VERSION = 1;
				GENERATE_INFOPLIST_FILE = YES;
				INFOPLIST_FILE = Spotify/Info.plist;
				INFOPLIST_KEY_UIApplicationSupportsIndirectInputEvents = YES;
				INFOPLIST_KEY_UILaunchStoryboardName = LaunchScreen;
				INFOPLIST_KEY_UIMainStoryboardFile = Main;
				INFOPLIST_KEY_UISupportedInterfaceOrientations_iPad = "UIInterfaceOrientationPortrait UIInterfaceOrientationPortraitUpsideDown UIInterfaceOrientationLandscapeLeft UIInterfaceOrientationLandscapeRight";
				INFOPLIST_KEY_UISupportedInterfaceOrientations_iPhone = "UIInterfaceOrientationPortrait UIInterfaceOrientationLandscapeLeft UIInterfaceOrientationLandscapeRight";
				LD_RUNPATH_SEARCH_PATHS = (
					"$(inherited)",
					"@executable_path/Frameworks",
				);
				MARKETING_VERSION = 1.0;
				PRODUCT_BUNDLE_IDENTIFIER = com.tecsup.Spotify;
				PRODUCT_NAME = "$(TARGET_NAME)";
				SWIFT_EMIT_LOC_STRINGS = YES;
				SWIFT_VERSION = 5.0;
				TARGETED_DEVICE_FAMILY = "1,2";
			};
			name = Release;
		};
/* End XCBuildConfiguration section */

/* Begin XCConfigurationList section */
		3B99B72A28301497000AA5F7 /* Build configuration list for PBXProject "Spotify" */ = {
			isa = XCConfigurationList;
			buildConfigurations = (
				3B99B74128301498000AA5F7 /* Debug */,
				3B99B74228301498000AA5F7 /* Release */,
			);
			defaultConfigurationIsVisible = 0;
			defaultConfigurationName = Release;
		};
		3B99B74328301498000AA5F7 /* Build configuration list for PBXNativeTarget "Spotify" */ = {
			isa = XCConfigurationList;
			buildConfigurations = (
				3B99B74428301498000AA5F7 /* Debug */,
				3B99B74528301498000AA5F7 /* Release */,
			);
			defaultConfigurationIsVisible = 0;
			defaultConfigurationName = Release;
		};
/* End XCConfigurationList section */
	};
	rootObject = 3B99B72728301497000AA5F7 /* Project object */;
}
